// !$*UTF8*$!
{
	archiveVersion = 1;
	classes = {
	};
	objectVersion = 50;
	objects = {

/* Begin PBXBuildFile section */
		3FE1A881260AA22C00647C36 /* AmberNaranjo_1_1App.swift in Sources */ = {isa = PBXBuildFile; fileRef = 3FE1A880260AA22C00647C36 /* AmberNaranjo_1_1App.swift */; };
		3FE1A883260AA22C00647C36 /* ContentView.swift in Sources */ = {isa = PBXBuildFile; fileRef = 3FE1A882260AA22C00647C36 /* ContentView.swift */; };
		3FE1A885260AA22D00647C36 /* Assets.xcassets in Resources */ = {isa = PBXBuildFile; fileRef = 3FE1A884260AA22D00647C36 /* Assets.xcassets */; };
		3FE1A888260AA22D00647C36 /* Preview Assets.xcassets in Resources */ = {isa = PBXBuildFile; fileRef = 3FE1A887260AA22D00647C36 /* Preview Assets.xcassets */; };
		3FE1A893260AA22E00647C36 /* AmberNaranjo_1_1Tests.swift in Sources */ = {isa = PBXBuildFile; fileRef = 3FE1A892260AA22E00647C36 /* AmberNaranjo_1_1Tests.swift */; };
		3FE1A89E260AA22E00647C36 /* AmberNaranjo_1_1UITests.swift in Sources */ = {isa = PBXBuildFile; fileRef = 3FE1A89D260AA22E00647C36 /* AmberNaranjo_1_1UITests.swift */; };
/* End PBXBuildFile section */

/* Begin PBXContainerItemProxy section */
		3FE1A88F260AA22E00647C36 /* PBXContainerItemProxy */ = {
			isa = PBXContainerItemProxy;
			containerPortal = 3FE1A875260AA22C00647C36 /* Project object */;
			proxyType = 1;
			remoteGlobalIDString = 3FE1A87C260AA22C00647C36;
			remoteInfo = AmberNaranjo_1.1;
		};
		3FE1A89A260AA22E00647C36 /* PBXContainerItemProxy */ = {
			isa = PBXContainerItemProxy;
			containerPortal = 3FE1A875260AA22C00647C36 /* Project object */;
			proxyType = 1;
			remoteGlobalIDString = 3FE1A87C260AA22C00647C36;
			remoteInfo = AmberNaranjo_1.1;
		};
/* End PBXContainerItemProxy section */

/* Begin PBXFileReference section */
		3FE1A87D260AA22C00647C36 /* AmberNaranjo_1.1.app */ = {isa = PBXFileReference; explicitFileType = wrapper.application; includeInIndex = 0; path = AmberNaranjo_1.1.app; sourceTree = BUILT_PRODUCTS_DIR; };
		3FE1A880260AA22C00647C36 /* AmberNaranjo_1_1App.swift */ = {isa = PBXFileReference; lastKnownFileType = sourcecode.swift; path = AmberNaranjo_1_1App.swift; sourceTree = "<group>"; };
		3FE1A882260AA22C00647C36 /* ContentView.swift */ = {isa = PBXFileReference; lastKnownFileType = sourcecode.swift; path = ContentView.swift; sourceTree = "<group>"; };
		3FE1A884260AA22D00647C36 /* Assets.xcassets */ = {isa = PBXFileReference; lastKnownFileType = folder.assetcatalog; path = Assets.xcassets; sourceTree = "<group>"; };
		3FE1A887260AA22D00647C36 /* Preview Assets.xcassets */ = {isa = PBXFileReference; lastKnownFileType = folder.assetcatalog; path = "Preview Assets.xcassets"; sourceTree = "<group>"; };
		3FE1A889260AA22D00647C36 /* Info.plist */ = {isa = PBXFileReference; lastKnownFileType = text.plist.xml; path = Info.plist; sourceTree = "<group>"; };
		3FE1A88E260AA22E00647C36 /* AmberNaranjo_1.1Tests.xctest */ = {isa = PBXFileReference; explicitFileType = wrapper.cfbundle; includeInIndex = 0; path = AmberNaranjo_1.1Tests.xctest; sourceTree = BUILT_PRODUCTS_DIR; };
		3FE1A892260AA22E00647C36 /* AmberNaranjo_1_1Tests.swift */ = {isa = PBXFileReference; lastKnownFileType = sourcecode.swift; path = AmberNaranjo_1_1Tests.swift; sourceTree = "<group>"; };
		3FE1A894260AA22E00647C36 /* Info.plist */ = {isa = PBXFileReference; lastKnownFileType = text.plist.xml; path = Info.plist; sourceTree = "<group>"; };
		3FE1A899260AA22E00647C36 /* AmberNaranjo_1.1UITests.xctest */ = {isa = PBXFileReference; explicitFileType = wrapper.cfbundle; includeInIndex = 0; path = AmberNaranjo_1.1UITests.xctest; sourceTree = BUILT_PRODUCTS_DIR; };
		3FE1A89D260AA22E00647C36 /* AmberNaranjo_1_1UITests.swift */ = {isa = PBXFileReference; lastKnownFileType = sourcecode.swift; path = AmberNaranjo_1_1UITests.swift; sourceTree = "<group>"; };
		3FE1A89F260AA22E00647C36 /* Info.plist */ = {isa = PBXFileReference; lastKnownFileType = text.plist.xml; path = Info.plist; sourceTree = "<group>"; };
/* End PBXFileReference section */

/* Begin PBXFrameworksBuildPhase section */
		3FE1A87A260AA22C00647C36 /* Frameworks */ = {
			isa = PBXFrameworksBuildPhase;
			buildActionMask = 2147483647;
			files = (
			);
			runOnlyForDeploymentPostprocessing = 0;
		};
		3FE1A88B260AA22E00647C36 /* Frameworks */ = {
			isa = PBXFrameworksBuildPhase;
			buildActionMask = 2147483647;
			files = (
			);
			runOnlyForDeploymentPostprocessing = 0;
		};
		3FE1A896260AA22E00647C36 /* Frameworks */ = {
			isa = PBXFrameworksBuildPhase;
			buildActionMask = 2147483647;
			files = (
			);
			runOnlyForDeploymentPostprocessing = 0;
		};
/* End PBXFrameworksBuildPhase section */

/* Begin PBXGroup section */
		3FE1A874260AA22C00647C36 = {
			isa = PBXGroup;
			children = (
				3FE1A87F260AA22C00647C36 /* AmberNaranjo_1.1 */,
				3FE1A891260AA22E00647C36 /* AmberNaranjo_1.1Tests */,
				3FE1A89C260AA22E00647C36 /* AmberNaranjo_1.1UITests */,
				3FE1A87E260AA22C00647C36 /* Products */,
			);
			sourceTree = "<group>";
		};
		3FE1A87E260AA22C00647C36 /* Products */ = {
			isa = PBXGroup;
			children = (
				3FE1A87D260AA22C00647C36 /* AmberNaranjo_1.1.app */,
				3FE1A88E260AA22E00647C36 /* AmberNaranjo_1.1Tests.xctest */,
				3FE1A899260AA22E00647C36 /* AmberNaranjo_1.1UITests.xctest */,
			);
			name = Products;
			sourceTree = "<group>";
		};
		3FE1A87F260AA22C00647C36 /* AmberNaranjo_1.1 */ = {
			isa = PBXGroup;
			children = (
				3FE1A880260AA22C00647C36 /* AmberNaranjo_1_1App.swift */,
				3FE1A882260AA22C00647C36 /* ContentView.swift */,
				3FE1A884260AA22D00647C36 /* Assets.xcassets */,
				3FE1A889260AA22D00647C36 /* Info.plist */,
				3FE1A886260AA22D00647C36 /* Preview Content */,
			);
			path = AmberNaranjo_1.1;
			sourceTree = "<group>";
		};
		3FE1A886260AA22D00647C36 /* Preview Content */ = {
			isa = PBXGroup;
			children = (
				3FE1A887260AA22D00647C36 /* Preview Assets.xcassets */,
			);
			path = "Preview Content";
			sourceTree = "<group>";
		};
		3FE1A891260AA22E00647C36 /* AmberNaranjo_1.1Tests */ = {
			isa = PBXGroup;
			children = (
				3FE1A892260AA22E00647C36 /* AmberNaranjo_1_1Tests.swift */,
				3FE1A894260AA22E00647C36 /* Info.plist */,
			);
			path = AmberNaranjo_1.1Tests;
			sourceTree = "<group>";
		};
		3FE1A89C260AA22E00647C36 /* AmberNaranjo_1.1UITests */ = {
			isa = PBXGroup;
			children = (
				3FE1A89D260AA22E00647C36 /* AmberNaranjo_1_1UITests.swift */,
				3FE1A89F260AA22E00647C36 /* Info.plist */,
			);
			path = AmberNaranjo_1.1UITests;
			sourceTree = "<group>";
		};
/* End PBXGroup section */

/* Begin PBXNativeTarget section */
		3FE1A87C260AA22C00647C36 /* AmberNaranjo_1.1 */ = {
			isa = PBXNativeTarget;
			buildConfigurationList = 3FE1A8A2260AA22E00647C36 /* Build configuration list for PBXNativeTarget "AmberNaranjo_1.1" */;
			buildPhases = (
				3FE1A879260AA22C00647C36 /* Sources */,
				3FE1A87A260AA22C00647C36 /* Frameworks */,
				3FE1A87B260AA22C00647C36 /* Resources */,
			);
			buildRules = (
			);
			dependencies = (
			);
			name = AmberNaranjo_1.1;
			productName = AmberNaranjo_1.1;
			productReference = 3FE1A87D260AA22C00647C36 /* AmberNaranjo_1.1.app */;
			productType = "com.apple.product-type.application";
		};
		3FE1A88D260AA22E00647C36 /* AmberNaranjo_1.1Tests */ = {
			isa = PBXNativeTarget;
			buildConfigurationList = 3FE1A8A5260AA22E00647C36 /* Build configuration list for PBXNativeTarget "AmberNaranjo_1.1Tests" */;
			buildPhases = (
				3FE1A88A260AA22E00647C36 /* Sources */,
				3FE1A88B260AA22E00647C36 /* Frameworks */,
				3FE1A88C260AA22E00647C36 /* Resources */,
			);
			buildRules = (
			);
			dependencies = (
				3FE1A890260AA22E00647C36 /* PBXTargetDependency */,
			);
			name = AmberNaranjo_1.1Tests;
			productName = AmberNaranjo_1.1Tests;
			productReference = 3FE1A88E260AA22E00647C36 /* AmberNaranjo_1.1Tests.xctest */;
			productType = "com.apple.product-type.bundle.unit-test";
		};
		3FE1A898260AA22E00647C36 /* AmberNaranjo_1.1UITests */ = {
			isa = PBXNativeTarget;
			buildConfigurationList = 3FE1A8A8260AA22E00647C36 /* Build configuration list for PBXNativeTarget "AmberNaranjo_1.1UITests" */;
			buildPhases = (
				3FE1A895260AA22E00647C36 /* Sources */,
				3FE1A896260AA22E00647C36 /* Frameworks */,
				3FE1A897260AA22E00647C36 /* Resources */,
			);
			buildRules = (
			);
			dependencies = (
				3FE1A89B260AA22E00647C36 /* PBXTargetDependency */,
			);
			name = AmberNaranjo_1.1UITests;
			productName = AmberNaranjo_1.1UITests;
			productReference = 3FE1A899260AA22E00647C36 /* AmberNaranjo_1.1UITests.xctest */;
			productType = "com.apple.product-type.bundle.ui-testing";
		};
/* End PBXNativeTarget section */

/* Begin PBXProject section */
		3FE1A875260AA22C00647C36 /* Project object */ = {
			isa = PBXProject;
			attributes = {
				LastSwiftUpdateCheck = 1230;
				LastUpgradeCheck = 1230;
				TargetAttributes = {
					3FE1A87C260AA22C00647C36 = {
						CreatedOnToolsVersion = 12.3;
					};
					3FE1A88D260AA22E00647C36 = {
						CreatedOnToolsVersion = 12.3;
						TestTargetID = 3FE1A87C260AA22C00647C36;
					};
					3FE1A898260AA22E00647C36 = {
						CreatedOnToolsVersion = 12.3;
						TestTargetID = 3FE1A87C260AA22C00647C36;
					};
				};
			};
			buildConfigurationList = 3FE1A878260AA22C00647C36 /* Build configuration list for PBXProject "AmberNaranjo_1.1" */;
			compatibilityVersion = "Xcode 9.3";
			developmentRegion = en;
			hasScannedForEncodings = 0;
			knownRegions = (
				en,
				Base,
			);
			mainGroup = 3FE1A874260AA22C00647C36;
			productRefGroup = 3FE1A87E260AA22C00647C36 /* Products */;
			projectDirPath = "";
			projectRoot = "";
			targets = (
				3FE1A87C260AA22C00647C36 /* AmberNaranjo_1.1 */,
				3FE1A88D260AA22E00647C36 /* AmberNaranjo_1.1Tests */,
				3FE1A898260AA22E00647C36 /* AmberNaranjo_1.1UITests */,
			);
		};
/* End PBXProject section */

/* Begin PBXResourcesBuildPhase section */
		3FE1A87B260AA22C00647C36 /* Resources */ = {
			isa = PBXResourcesBuildPhase;
			buildActionMask = 2147483647;
			files = (
				3FE1A888260AA22D00647C36 /* Preview Assets.xcassets in Resources */,
				3FE1A885260AA22D00647C36 /* Assets.xcassets in Resources */,
			);
			runOnlyForDeploymentPostprocessing = 0;
		};
		3FE1A88C260AA22E00647C36 /* Resources */ = {
			isa = PBXResourcesBuildPhase;
			buildActionMask = 2147483647;
			files = (
			);
			runOnlyForDeploymentPostprocessing = 0;
		};
		3FE1A897260AA22E00647C36 /* Resources */ = {
			isa = PBXResourcesBuildPhase;
			buildActionMask = 2147483647;
			files = (
			);
			runOnlyForDeploymentPostprocessing = 0;
		};
/* End PBXResourcesBuildPhase section */

/* Begin PBXSourcesBuildPhase section */
		3FE1A879260AA22C00647C36 /* Sources */ = {
			isa = PBXSourcesBuildPhase;
			buildActionMask = 2147483647;
			files = (
				3FE1A883260AA22C00647C36 /* ContentView.swift in Sources */,
				3FE1A881260AA22C00647C36 /* AmberNaranjo_1_1App.swift in Sources */,
			);
			runOnlyForDeploymentPostprocessing = 0;
		};
		3FE1A88A260AA22E00647C36 /* Sources */ = {
			isa = PBXSourcesBuildPhase;
			buildActionMask = 2147483647;
			files = (
				3FE1A893260AA22E00647C36 /* AmberNaranjo_1_1Tests.swift in Sources */,
			);
			runOnlyForDeploymentPostprocessing = 0;
		};
		3FE1A895260AA22E00647C36 /* Sources */ = {
			isa = PBXSourcesBuildPhase;
			buildActionMask = 2147483647;
			files = (
				3FE1A89E260AA22E00647C36 /* AmberNaranjo_1_1UITests.swift in Sources */,
			);
			runOnlyForDeploymentPostprocessing = 0;
		};
/* End PBXSourcesBuildPhase section */

/* Begin PBXTargetDependency section */
		3FE1A890260AA22E00647C36 /* PBXTargetDependency */ = {
			isa = PBXTargetDependency;
			target = 3FE1A87C260AA22C00647C36 /* AmberNaranjo_1.1 */;
			targetProxy = 3FE1A88F260AA22E00647C36 /* PBXContainerItemProxy */;
		};
		3FE1A89B260AA22E00647C36 /* PBXTargetDependency */ = {
			isa = PBXTargetDependency;
			target = 3FE1A87C260AA22C00647C36 /* AmberNaranjo_1.1 */;
			targetProxy = 3FE1A89A260AA22E00647C36 /* PBXContainerItemProxy */;
		};
/* End PBXTargetDependency section */

/* Begin XCBuildConfiguration section */
		3FE1A8A0260AA22E00647C36 /* Debug */ = {
			isa = XCBuildConfiguration;
			buildSettings = {
				ALWAYS_SEARCH_USER_PATHS = NO;
				CLANG_ANALYZER_NONNULL = YES;
				CLANG_ANALYZER_NUMBER_OBJECT_CONVERSION = YES_AGGRESSIVE;
				CLANG_CXX_LANGUAGE_STANDARD = "gnu++14";
				CLANG_CXX_LIBRARY = "libc++";
				CLANG_ENABLE_MODULES = YES;
				CLANG_ENABLE_OBJC_ARC = YES;
				CLANG_ENABLE_OBJC_WEAK = YES;
				CLANG_WARN_BLOCK_CAPTURE_AUTORELEASING = YES;
				CLANG_WARN_BOOL_CONVERSION = YES;
				CLANG_WARN_COMMA = YES;
				CLANG_WARN_CONSTANT_CONVERSION = YES;
				CLANG_WARN_DEPRECATED_OBJC_IMPLEMENTATIONS = YES;
				CLANG_WARN_DIRECT_OBJC_ISA_USAGE = YES_ERROR;
				CLANG_WARN_DOCUMENTATION_COMMENTS = YES;
				CLANG_WARN_EMPTY_BODY = YES;
				CLANG_WARN_ENUM_CONVERSION = YES;
				CLANG_WARN_INFINITE_RECURSION = YES;
				CLANG_WARN_INT_CONVERSION = YES;
				CLANG_WARN_NON_LITERAL_NULL_CONVERSION = YES;
				CLANG_WARN_OBJC_IMPLICIT_RETAIN_SELF = YES;
				CLANG_WARN_OBJC_LITERAL_CONVERSION = YES;
				CLANG_WARN_OBJC_ROOT_CLASS = YES_ERROR;
				CLANG_WARN_QUOTED_INCLUDE_IN_FRAMEWORK_HEADER = YES;
				CLANG_WARN_RANGE_LOOP_ANALYSIS = YES;
				CLANG_WARN_STRICT_PROTOTYPES = YES;
				CLANG_WARN_SUSPICIOUS_MOVE = YES;
				CLANG_WARN_UNGUARDED_AVAILABILITY = YES_AGGRESSIVE;
				CLANG_WARN_UNREACHABLE_CODE = YES;
				CLANG_WARN__DUPLICATE_METHOD_MATCH = YES;
				COPY_PHASE_STRIP = NO;
				DEBUG_INFORMATION_FORMAT = dwarf;
				ENABLE_STRICT_OBJC_MSGSEND = YES;
				ENABLE_TESTABILITY = YES;
				GCC_C_LANGUAGE_STANDARD = gnu11;
				GCC_DYNAMIC_NO_PIC = NO;
				GCC_NO_COMMON_BLOCKS = YES;
				GCC_OPTIMIZATION_LEVEL = 0;
				GCC_PREPROCESSOR_DEFINITIONS = (
					"DEBUG=1",
					"$(inherited)",
				);
				GCC_WARN_64_TO_32_BIT_CONVERSION = YES;
				GCC_WARN_ABOUT_RETURN_TYPE = YES_ERROR;
				GCC_WARN_UNDECLARED_SELECTOR = YES;
				GCC_WARN_UNINITIALIZED_AUTOS = YES_AGGRESSIVE;
				GCC_WARN_UNUSED_FUNCTION = YES;
				GCC_WARN_UNUSED_VARIABLE = YES;
				IPHONEOS_DEPLOYMENT_TARGET = 14.3;
				MTL_ENABLE_DEBUG_INFO = INCLUDE_SOURCE;
				MTL_FAST_MATH = YES;
				ONLY_ACTIVE_ARCH = YES;
				SDKROOT = iphoneos;
				SWIFT_ACTIVE_COMPILATION_CONDITIONS = DEBUG;
				SWIFT_OPTIMIZATION_LEVEL = "-Onone";
			};
			name = Debug;
		};
		3FE1A8A1260AA22E00647C36 /* Release */ = {
			isa = XCBuildConfiguration;
			buildSettings = {
				ALWAYS_SEARCH_USER_PATHS = NO;
				CLANG_ANALYZER_NONNULL = YES;
				CLANG_ANALYZER_NUMBER_OBJECT_CONVERSION = YES_AGGRESSIVE;
				CLANG_CXX_LANGUAGE_STANDARD = "gnu++14";
				CLANG_CXX_LIBRARY = "libc++";
				CLANG_ENABLE_MODULES = YES;
				CLANG_ENABLE_OBJC_ARC = YES;
				CLANG_ENABLE_OBJC_WEAK = YES;
				CLANG_WARN_BLOCK_CAPTURE_AUTORELEASING = YES;
				CLANG_WARN_BOOL_CONVERSION = YES;
				CLANG_WARN_COMMA = YES;
				CLANG_WARN_CONSTANT_CONVERSION = YES;
				CLANG_WARN_DEPRECATED_OBJC_IMPLEMENTATIONS = YES;
				CLANG_WARN_DIRECT_OBJC_ISA_USAGE = YES_ERROR;
				CLANG_WARN_DOCUMENTATION_COMMENTS = YES;
				CLANG_WARN_EMPTY_BODY = YES;
				CLANG_WARN_ENUM_CONVERSION = YES;
				CLANG_WARN_INFINITE_RECURSION = YES;
				CLANG_WARN_INT_CONVERSION = YES;
				CLANG_WARN_NON_LITERAL_NULL_CONVERSION = YES;
				CLANG_WARN_OBJC_IMPLICIT_RETAIN_SELF = YES;
				CLANG_WARN_OBJC_LITERAL_CONVERSION = YES;
				CLANG_WARN_OBJC_ROOT_CLASS = YES_ERROR;
				CLANG_WARN_QUOTED_INCLUDE_IN_FRAMEWORK_HEADER = YES;
				CLANG_WARN_RANGE_LOOP_ANALYSIS = YES;
				CLANG_WARN_STRICT_PROTOTYPES = YES;
				CLANG_WARN_SUSPICIOUS_MOVE = YES;
				CLANG_WARN_UNGUARDED_AVAILABILITY = YES_AGGRESSIVE;
				CLANG_WARN_UNREACHABLE_CODE = YES;
				CLANG_WARN__DUPLICATE_METHOD_MATCH = YES;
				COPY_PHASE_STRIP = NO;
				DEBUG_INFORMATION_FORMAT = "dwarf-with-dsym";
				ENABLE_NS_ASSERTIONS = NO;
				ENABLE_STRICT_OBJC_MSGSEND = YES;
				GCC_C_LANGUAGE_STANDARD = gnu11;
				GCC_NO_COMMON_BLOCKS = YES;
				GCC_WARN_64_TO_32_BIT_CONVERSION = YES;
				GCC_WARN_ABOUT_RETURN_TYPE = YES_ERROR;
				GCC_WARN_UNDECLARED_SELECTOR = YES;
				GCC_WARN_UNINITIALIZED_AUTOS = YES_AGGRESSIVE;
				GCC_WARN_UNUSED_FUNCTION = YES;
				GCC_WARN_UNUSED_VARIABLE = YES;
				IPHONEOS_DEPLOYMENT_TARGET = 14.3;
				MTL_ENABLE_DEBUG_INFO = NO;
				MTL_FAST_MATH = YES;
				SDKROOT = iphoneos;
				SWIFT_COMPILATION_MODE = wholemodule;
				SWIFT_OPTIMIZATION_LEVEL = "-O";
				VALIDATE_PRODUCT = YES;
			};
			name = Release;
		};
		3FE1A8A3260AA22E00647C36 /* Debug */ = {
			isa = XCBuildConfiguration;
			buildSettings = {
				ASSETCATALOG_COMPILER_APPICON_NAME = AppIcon;
				ASSETCATALOG_COMPILER_GLOBAL_ACCENT_COLOR_NAME = AccentColor;
				CODE_SIGN_STYLE = Automatic;
				DEVELOPMENT_ASSET_PATHS = "\"AmberNaranjo_1.1/Preview Content\"";
				ENABLE_PREVIEWS = YES;
				INFOPLIST_FILE = AmberNaranjo_1.1/Info.plist;
				IPHONEOS_DEPLOYMENT_TARGET = 14.0;
				LD_RUNPATH_SEARCH_PATHS = (
					"$(inherited)",
					"@executable_path/Frameworks",
				);
				PRODUCT_BUNDLE_IDENTIFIER = "com.acswiftclass.AmberNaranjo-1-1";
				PRODUCT_NAME = "$(TARGET_NAME)";
				SWIFT_VERSION = 5.0;
				TARGETED_DEVICE_FAMILY = "1,2";
			};
			name = Debug;
		};
		3FE1A8A4260AA22E00647C36 /* Release */ = {
			isa = XCBuildConfiguration;
			buildSettings = {
				ASSETCATALOG_COMPILER_APPICON_NAME = AppIcon;
				ASSETCATALOG_COMPILER_GLOBAL_ACCENT_COLOR_NAME = AccentColor;
				CODE_SIGN_STYLE = Automatic;
				DEVELOPMENT_ASSET_PATHS = "\"AmberNaranjo_1.1/Preview Content\"";
				ENABLE_PREVIEWS = YES;
				INFOPLIST_FILE = AmberNaranjo_1.1/Info.plist;
				IPHONEOS_DEPLOYMENT_TARGET = 14.0;
				LD_RUNPATH_SEARCH_PATHS = (
					"$(inherited)",
					"@executable_path/Frameworks",
				);
				PRODUCT_BUNDLE_IDENTIFIER = "com.acswiftclass.AmberNaranjo-1-1";
				PRODUCT_NAME = "$(TARGET_NAME)";
				SWIFT_VERSION = 5.0;
				TARGETED_DEVICE_FAMILY = "1,2";
			};
			name = Release;
		};
		3FE1A8A6260AA22E00647C36 /* Debug */ = {
			isa = XCBuildConfiguration;
			buildSettings = {
				ALWAYS_EMBED_SWIFT_STANDARD_LIBRARIES = YES;
				BUNDLE_LOADER = "$(TEST_HOST)";
				CODE_SIGN_STYLE = Automatic;
				INFOPLIST_FILE = AmberNaranjo_1.1Tests/Info.plist;
				IPHONEOS_DEPLOYMENT_TARGET = 14.0;
				LD_RUNPATH_SEARCH_PATHS = (
					"$(inherited)",
					"@executable_path/Frameworks",
					"@loader_path/Frameworks",
				);
				PRODUCT_BUNDLE_IDENTIFIER = "com.acswiftclass.AmberNaranjo-1-1Tests";
				PRODUCT_NAME = "$(TARGET_NAME)";
				SWIFT_VERSION = 5.0;
				TARGETED_DEVICE_FAMILY = "1,2";
				TEST_HOST = "$(BUILT_PRODUCTS_DIR)/AmberNaranjo_1.1.app/AmberNaranjo_1.1";
			};
			name = Debug;
		};
		3FE1A8A7260AA22E00647C36 /* Release */ = {
			isa = XCBuildConfiguration;
			buildSettings = {
				ALWAYS_EMBED_SWIFT_STANDARD_LIBRARIES = YES;
				BUNDLE_LOADER = "$(TEST_HOST)";
				CODE_SIGN_STYLE = Automatic;
				INFOPLIST_FILE = AmberNaranjo_1.1Tests/Info.plist;
				IPHONEOS_DEPLOYMENT_TARGET = 14.0;
				LD_RUNPATH_SEARCH_PATHS = (
					"$(inherited)",
					"@executable_path/Frameworks",
					"@loader_path/Frameworks",
				);
				PRODUCT_BUNDLE_IDENTIFIER = "com.acswiftclass.AmberNaranjo-1-1Tests";
				PRODUCT_NAME = "$(TARGET_NAME)";
				SWIFT_VERSION = 5.0;
				TARGETED_DEVICE_FAMILY = "1,2";
				TEST_HOST = "$(BUILT_PRODUCTS_DIR)/AmberNaranjo_1.1.app/AmberNaranjo_1.1";
			};
			name = Release;
		};
		3FE1A8A9260AA22E00647C36 /* Debug */ = {
			isa = XCBuildConfiguration;
			buildSettings = {
				ALWAYS_EMBED_SWIFT_STANDARD_LIBRARIES = YES;
				CODE_SIGN_STYLE = Automatic;
				INFOPLIST_FILE = AmberNaranjo_1.1UITests/Info.plist;
				LD_RUNPATH_SEARCH_PATHS = (
					"$(inherited)",
					"@executable_path/Frameworks",
					"@loader_path/Frameworks",
				);
				PRODUCT_BUNDLE_IDENTIFIER = "com.acswiftclass.AmberNaranjo-1-1UITests";
				PRODUCT_NAME = "$(TARGET_NAME)";
				SWIFT_VERSION = 5.0;
				TARGETED_DEVICE_FAMILY = "1,2";
				TEST_TARGET_NAME = AmberNaranjo_1.1;
			};
			name = Debug;
		};
		3FE1A8AA260AA22E00647C36 /* Release */ = {
			isa = XCBuildConfiguration;
			buildSettings = {
				ALWAYS_EMBED_SWIFT_STANDARD_LIBRARIES = YES;
				CODE_SIGN_STYLE = Automatic;
				INFOPLIST_FILE = AmberNaranjo_1.1UITests/Info.plist;
				LD_RUNPATH_SEARCH_PATHS = (
					"$(inherited)",
					"@executable_path/Frameworks",
					"@loader_path/Frameworks",
				);
				PRODUCT_BUNDLE_IDENTIFIER = "com.acswiftclass.AmberNaranjo-1-1UITests";
				PRODUCT_NAME = "$(TARGET_NAME)";
				SWIFT_VERSION = 5.0;
				TARGETED_DEVICE_FAMILY = "1,2";
				TEST_TARGET_NAME = AmberNaranjo_1.1;
			};
			name = Release;
		};
/* End XCBuildConfiguration section */

/* Begin XCConfigurationList section */
		3FE1A878260AA22C00647C36 /* Build configuration list for PBXProject "AmberNaranjo_1.1" */ = {
			isa = XCConfigurationList;
			buildConfigurations = (
				3FE1A8A0260AA22E00647C36 /* Debug */,
				3FE1A8A1260AA22E00647C36 /* Release */,
			);
			defaultConfigurationIsVisible = 0;
			defaultConfigurationName = Release;
		};
		3FE1A8A2260AA22E00647C36 /* Build configuration list for PBXNativeTarget "AmberNaranjo_1.1" */ = {
			isa = XCConfigurationList;
			buildConfigurations = (
				3FE1A8A3260AA22E00647C36 /* Debug */,
				3FE1A8A4260AA22E00647C36 /* Release */,
			);
			defaultConfigurationIsVisible = 0;
			defaultConfigurationName = Release;
		};
		3FE1A8A5260AA22E00647C36 /* Build configuration list for PBXNativeTarget "AmberNaranjo_1.1Tests" */ = {
			isa = XCConfigurationList;
			buildConfigurations = (
				3FE1A8A6260AA22E00647C36 /* Debug */,
				3FE1A8A7260AA22E00647C36 /* Release */,
			);
			defaultConfigurationIsVisible = 0;
			defaultConfigurationName = Release;
		};
		3FE1A8A8260AA22E00647C36 /* Build configuration list for PBXNativeTarget "AmberNaranjo_1.1UITests" */ = {
			isa = XCConfigurationList;
			buildConfigurations = (
				3FE1A8A9260AA22E00647C36 /* Debug */,
				3FE1A8AA260AA22E00647C36 /* Release */,
			);
			defaultConfigurationIsVisible = 0;
			defaultConfigurationName = Release;
		};
/* End XCConfigurationList section */
	};
	rootObject = 3FE1A875260AA22C00647C36 /* Project object */;
}
